# THIS IS AN AUTOGENERATED FILE. DO NOT EDIT THIS FILE DIRECTLY.
# yarn lockfile v1


crypto-secure-random-digit@^1.0.9:
  version "1.0.9"
  resolved "https://registry.yarnpkg.com/crypto-secure-random-digit/-/crypto-secure-random-digit-1.0.9.tgz#df27ecb69461e102a7c11fa50acc806191398bd5"
  integrity sha512-0jKZnjMf5lWYUdtu611xEdRCqMBD4xils04cGU5+5+50NyJ+DC2soGaLCVPTYAssK80NkPYHF2tlHjegGKSbcQ==
